// !$*UTF8*$!
{
	archiveVersion = 1;
	classes = {
	};
	objectVersion = 46;
	objects = {

/* Begin PBXBuildFile section */
		8422BA5D1AB33247006AAFF2 /* Example.h in CopyFiles */ = {isa = PBXBuildFile; fileRef = 8422BA5C1AB33247006AAFF2 /* Example.h */; };
		8422BA5F1AB33247006AAFF2 /* Example.m in Sources */ = {isa = PBXBuildFile; fileRef = 8422BA5E1AB33247006AAFF2 /* Example.m */; };
		8422BA651AB33247006AAFF2 /* libExample.a in Frameworks */ = {isa = PBXBuildFile; fileRef = 8422BA591AB33247006AAFF2 /* libExample.a */; };
/* End PBXBuildFile section */

/* Begin PBXContainerItemProxy section */
		8422BA661AB33247006AAFF2 /* PBXContainerItemProxy */ = {
			isa = PBXContainerItemProxy;
			containerPortal = 8422BA511AB33247006AAFF2 /* Project object */;
			proxyType = 1;
			remoteGlobalIDString = 8422BA581AB33247006AAFF2;
			remoteInfo = Example;
		};
/* End PBXContainerItemProxy section */

/* Begin PBXCopyFilesBuildPhase section */
		8422BA571AB33247006AAFF2 /* CopyFiles */ = {
			isa = PBXCopyFilesBuildPhase;
			buildActionMask = 2147483647;
			dstPath = "include/$(PRODUCT_NAME)";
			dstSubfolderSpec = 16;
			files = (
				8422BA5D1AB33247006AAFF2 /* Example.h in CopyFiles */,
			);
			runOnlyForDeploymentPostprocessing = 0;
		};
/* End PBXCopyFilesBuildPhase section */

/* Begin PBXFileReference section */
		8422BA591AB33247006AAFF2 /* libExample.a */ = {isa = PBXFileReference; explicitFileType = archive.ar; includeInIndex = 0; path = libExample.a; sourceTree = BUILT_PRODUCTS_DIR; };
		8422BA5C1AB33247006AAFF2 /* Example.h */ = {isa = PBXFileReference; lastKnownFileType = sourcecode.c.h; path = Example.h; sourceTree = "<group>"; };
		8422BA5E1AB33247006AAFF2 /* Example.m */ = {isa = PBXFileReference; lastKnownFileType = sourcecode.c.objc; path = Example.m; sourceTree = "<group>"; };
		8422BA641AB33247006AAFF2 /* ExampleTests.xctest */ = {isa = PBXFileReference; explicitFileType = wrapper.cfbundle; includeInIndex = 0; path = ExampleTests.xctest; sourceTree = BUILT_PRODUCTS_DIR; };
		8422BA6A1AB33247006AAFF2 /* Info.plist */ = {isa = PBXFileReference; lastKnownFileType = text.plist.xml; path = Info.plist; sourceTree = "<group>"; };
/* End PBXFileReference section */

/* Begin PBXFrameworksBuildPhase section */
		8422BA561AB33247006AAFF2 /* Frameworks */ = {
			isa = PBXFrameworksBuildPhase;
			buildActionMask = 2147483647;
			files = (
			);
			runOnlyForDeploymentPostprocessing = 0;
		};
		8422BA611AB33247006AAFF2 /* Frameworks */ = {
			isa = PBXFrameworksBuildPhase;
			buildActionMask = 2147483647;
			files = (
				8422BA651AB33247006AAFF2 /* libExample.a in Frameworks */,
			);
			runOnlyForDeploymentPostprocessing = 0;
		};
/* End PBXFrameworksBuildPhase section */

/* Begin PBXGroup section */
		8422BA501AB33247006AAFF2 = {
			isa = PBXGroup;
			children = (
				8422BA5B1AB33247006AAFF2 /* Example */,
				8422BA681AB33247006AAFF2 /* ExampleTests */,
				8422BA5A1AB33247006AAFF2 /* Products */,
			);
			sourceTree = "<group>";
		};
		8422BA5A1AB33247006AAFF2 /* Products */ = {
			isa = PBXGroup;
			children = (
				8422BA591AB33247006AAFF2 /* libExample.a */,
				8422BA641AB33247006AAFF2 /* ExampleTests.xctest */,
			);
			name = Products;
			sourceTree = "<group>";
		};
		8422BA5B1AB33247006AAFF2 /* Example */ = {
			isa = PBXGroup;
			children = (
				8422BA5C1AB33247006AAFF2 /* Example.h */,
				8422BA5E1AB33247006AAFF2 /* Example.m */,
			);
			path = Example;
			sourceTree = "<group>";
		};
		8422BA681AB33247006AAFF2 /* ExampleTests */ = {
			isa = PBXGroup;
			children = (
				8422BA691AB33247006AAFF2 /* Supporting Files */,
			);
			path = ExampleTests;
			sourceTree = "<group>";
		};
		8422BA691AB33247006AAFF2 /* Supporting Files */ = {
			isa = PBXGroup;
			children = (
				8422BA6A1AB33247006AAFF2 /* Info.plist */,
			);
			name = "Supporting Files";
			sourceTree = "<group>";
		};
/* End PBXGroup section */

/* Begin PBXNativeTarget section */
		8422BA581AB33247006AAFF2 /* Example */ = {
			isa = PBXNativeTarget;
			buildConfigurationList = 8422BA6D1AB33247006AAFF2 /* Build configuration list for PBXNativeTarget "Example" */;
			buildPhases = (
				8422BA551AB33247006AAFF2 /* Sources */,
				8422BA561AB33247006AAFF2 /* Frameworks */,
				8422BA571AB33247006AAFF2 /* CopyFiles */,
			);
			buildRules = (
			);
			dependencies = (
			);
			name = Example;
			productName = Example;
			productReference = 8422BA591AB33247006AAFF2 /* libExample.a */;
			productType = "com.apple.product-type.library.static";
		};
		8422BA631AB33247006AAFF2 /* ExampleTests */ = {
			isa = PBXNativeTarget;
			buildConfigurationList = 8422BA701AB33247006AAFF2 /* Build configuration list for PBXNativeTarget "ExampleTests" */;
			buildPhases = (
				8422BA601AB33247006AAFF2 /* Sources */,
				8422BA611AB33247006AAFF2 /* Frameworks */,
				8422BA621AB33247006AAFF2 /* Resources */,
			);
			buildRules = (
			);
			dependencies = (
				8422BA671AB33247006AAFF2 /* PBXTargetDependency */,
			);
			name = ExampleTests;
			productName = ExampleTests;
			productReference = 8422BA641AB33247006AAFF2 /* ExampleTests.xctest */;
			productType = "com.apple.product-type.bundle.unit-test";
		};
/* End PBXNativeTarget section */

/* Begin PBXProject section */
		8422BA511AB33247006AAFF2 /* Project object */ = {
			isa = PBXProject;
			attributes = {
				LastUpgradeCheck = 0620;
				ORGANIZATIONNAME = example;
				TargetAttributes = {
					8422BA581AB33247006AAFF2 = {
						CreatedOnToolsVersion = 6.2;
					};
					8422BA631AB33247006AAFF2 = {
						CreatedOnToolsVersion = 6.2;
					};
				};
			};
			buildConfigurationList = 8422BA541AB33247006AAFF2 /* Build configuration list for PBXProject "Example" */;
			compatibilityVersion = "Xcode 3.2";
			developmentRegion = English;
			hasScannedForEncodings = 0;
			knownRegions = (
				en,
			);
			mainGroup = 8422BA501AB33247006AAFF2;
			productRefGroup = 8422BA5A1AB33247006AAFF2 /* Products */;
			projectDirPath = "";
			projectRoot = "";
			targets = (
				8422BA581AB33247006AAFF2 /* Example */,
				8422BA631AB33247006AAFF2 /* ExampleTests */,
			);
		};
/* End PBXProject section */

/* Begin PBXResourcesBuildPhase section */
		8422BA621AB33247006AAFF2 /* Resources */ = {
			isa = PBXResourcesBuildPhase;
			buildActionMask = 2147483647;
			files = (
			);
			runOnlyForDeploymentPostprocessing = 0;
		};
/* End PBXResourcesBuildPhase section */

/* Begin PBXSourcesBuildPhase section */
		8422BA551AB33247006AAFF2 /* Sources */ = {
			isa = PBXSourcesBuildPhase;
			buildActionMask = 2147483647;
			files = (
				8422BA5F1AB33247006AAFF2 /* Example.m in Sources */,
			);
			runOnlyForDeploymentPostprocessing = 0;
		};
		8422BA601AB33247006AAFF2 /* Sources */ = {
			isa = PBXSourcesBuildPhase;
			buildActionMask = 2147483647;
			files = (
			);
			runOnlyForDeploymentPostprocessing = 0;
		};
/* End PBXSourcesBuildPhase section */

/* Begin PBXTargetDependency section */
		8422BA671AB33247006AAFF2 /* PBXTargetDependency */ = {
			isa = PBXTargetDependency;
			target = 8422BA581AB33247006AAFF2 /* Example */;
			targetProxy = 8422BA661AB33247006AAFF2 /* PBXContainerItemProxy */;
		};
/* End PBXTargetDependency section */

/* Begin XCBuildConfiguration section */
		8422BA6B1AB33247006AAFF2 /* Debug */ = {
			isa = XCBuildConfiguration;
			buildSettings = {
				ALWAYS_SEARCH_USER_PATHS = NO;
				CLANG_CXX_LANGUAGE_STANDARD = "gnu++0x";
				CLANG_CXX_LIBRARY = "libc++";
				CLANG_ENABLE_MODULES = YES;
				CLANG_ENABLE_OBJC_ARC = YES;
				CLANG_WARN_BOOL_CONVERSION = YES;
				CLANG_WARN_CONSTANT_CONVERSION = YES;
				CLANG_WARN_DIRECT_OBJC_ISA_USAGE = YES_ERROR;
				CLANG_WARN_EMPTY_BODY = YES;
				CLANG_WARN_ENUM_CONVERSION = YES;
				CLANG_WARN_INT_CONVERSION = YES;
				CLANG_WARN_OBJC_ROOT_CLASS = YES_ERROR;
				CLANG_WARN_UNREACHABLE_CODE = YES;
				CLANG_WARN__DUPLICATE_METHOD_MATCH = YES;
				COPY_PHASE_STRIP = NO;
				ENABLE_STRICT_OBJC_MSGSEND = YES;
				GCC_C_LANGUAGE_STANDARD = gnu99;
				GCC_DYNAMIC_NO_PIC = NO;
				GCC_OPTIMIZATION_LEVEL = 0;
				GCC_PREPROCESSOR_DEFINITIONS = (
					"DEBUG=1",
					"$(inherited)",
				);
				GCC_SYMBOLS_PRIVATE_EXTERN = NO;
				GCC_WARN_64_TO_32_BIT_CONVERSION = YES;
				GCC_WARN_ABOUT_RETURN_TYPE = YES_ERROR;
				GCC_WARN_UNDECLARED_SELECTOR = YES;
				GCC_WARN_UNINITIALIZED_AUTOS = YES_AGGRESSIVE;
				GCC_WARN_UNUSED_FUNCTION = YES;
				GCC_WARN_UNUSED_VARIABLE = YES;
				IPHONEOS_DEPLOYMENT_TARGET = 8.2;
				MTL_ENABLE_DEBUG_INFO = YES;
				ONLY_ACTIVE_ARCH = YES;
				SDKROOT = iphoneos;
			};
			name = Debug;
		};
		8422BA6C1AB33247006AAFF2 /* Release */ = {
			isa = XCBuildConfiguration;
			buildSettings = {
				ALWAYS_SEARCH_USER_PATHS = NO;
				CLANG_CXX_LANGUAGE_STANDARD = "gnu++0x";
				CLANG_CXX_LIBRARY = "libc++";
				CLANG_ENABLE_MODULES = YES;
				CLANG_ENABLE_OBJC_ARC = YES;
				CLANG_WARN_BOOL_CONVERSION = YES;
				CLANG_WARN_CONSTANT_CONVERSION = YES;
				CLANG_WARN_DIRECT_OBJC_ISA_USAGE = YES_ERROR;
				CLANG_WARN_EMPTY_BODY = YES;
				CLANG_WARN_ENUM_CONVERSION = YES;
				CLANG_WARN_INT_CONVERSION = YES;
				CLANG_WARN_OBJC_ROOT_CLASS = YES_ERROR;
				CLANG_WARN_UNREACHABLE_CODE = YES;
				CLANG_WARN__DUPLICATE_METHOD_MATCH = YES;
				COPY_PHASE_STRIP = NO;
				ENABLE_NS_ASSERTIONS = NO;
				ENABLE_STRICT_OBJC_MSGSEND = YES;
				GCC_C_LANGUAGE_STANDARD = gnu99;
				GCC_WARN_64_TO_32_BIT_CONVERSION = YES;
				GCC_WARN_ABOUT_RETURN_TYPE = YES_ERROR;
				GCC_WARN_UNDECLARED_SELECTOR = YES;
				GCC_WARN_UNINITIALIZED_AUTOS = YES_AGGRESSIVE;
				GCC_WARN_UNUSED_FUNCTION = YES;
				GCC_WARN_UNUSED_VARIABLE = YES;
				IPHONEOS_DEPLOYMENT_TARGET = 8.2;
				MTL_ENABLE_DEBUG_INFO = NO;
				SDKROOT = iphoneos;
				VALIDATE_PRODUCT = YES;
			};
			name = Release;
		};
		8422BA6E1AB33247006AAFF2 /* Debug */ = {
			isa = XCBuildConfiguration;
			buildSettings = {
				OTHER_LDFLAGS = "-ObjC";
				PRODUCT_NAME = "$(TARGET_NAME)";
				SKIP_INSTALL = YES;
			};
			name = Debug;
		};
		8422BA6F1AB33247006AAFF2 /* Release */ = {
			isa = XCBuildConfiguration;
			buildSettings = {
				OTHER_LDFLAGS = "-ObjC";
				PRODUCT_NAME = "$(TARGET_NAME)";
				SKIP_INSTALL = YES;
			};
			name = Release;
		};
		8422BA711AB33247006AAFF2 /* Debug */ = {
			isa = XCBuildConfiguration;
			buildSettings = {
				FRAMEWORK_SEARCH_PATHS = (
					"$(SDKROOT)/Developer/Library/Frameworks",
					"$(inherited)",
				);
				GCC_PREPROCESSOR_DEFINITIONS = (
					"DEBUG=1",
					"$(inherited)",
				);
				INFOPLIST_FILE = ExampleTests/Info.plist;
				LD_RUNPATH_SEARCH_PATHS = "$(inherited) @executable_path/Frameworks @loader_path/Frameworks";
				PRODUCT_NAME = "$(TARGET_NAME)";
			};
			name = Debug;
		};
		8422BA721AB33247006AAFF2 /* Release */ = {
			isa = XCBuildConfiguration;
			buildSettings = {
				FRAMEWORK_SEARCH_PATHS = (
					"$(SDKROOT)/Developer/Library/Frameworks",
					"$(inherited)",
				);
				INFOPLIST_FILE = ExampleTests/Info.plist;
				LD_RUNPATH_SEARCH_PATHS = "$(inherited) @executable_path/Frameworks @loader_path/Frameworks";
				PRODUCT_NAME = "$(TARGET_NAME)";
			};
			name = Release;
		};
/* End XCBuildConfiguration section */

/* Begin XCConfigurationList section */
		8422BA541AB33247006AAFF2 /* Build configuration list for PBXProject "Example" */ = {
			isa = XCConfigurationList;
			buildConfigurations = (
				8422BA6B1AB33247006AAFF2 /* Debug */,
				8422BA6C1AB33247006AAFF2 /* Release */,
			);
			defaultConfigurationIsVisible = 0;
			defaultConfigurationName = Release;
		};
		8422BA6D1AB33247006AAFF2 /* Build configuration list for PBXNativeTarget "Example" */ = {
			isa = XCConfigurationList;
			buildConfigurations = (
				8422BA6E1AB33247006AAFF2 /* Debug */,
				8422BA6F1AB33247006AAFF2 /* Release */,
			);
			defaultConfigurationIsVisible = 0;
		};
		8422BA701AB33247006AAFF2 /* Build configuration list for PBXNativeTarget "ExampleTests" */ = {
			isa = XCConfigurationList;
			buildConfigurations = (
				8422BA711AB33247006AAFF2 /* Debug */,
				8422BA721AB33247006AAFF2 /* Release */,
			);
			defaultConfigurationIsVisible = 0;
		};
/* End XCConfigurationList section */
	};
	rootObject = 8422BA511AB33247006AAFF2 /* Project object */;
}
